
Microsoft Visual Studio Solution File, Format Version 12.00
# Visual Studio Version 17
VisualStudioVersion = 17.0.31903.59
MinimumVisualStudioVersion = 10.0.40219.1
Project("{FAE04EC0-301F-11D3-BF4B-00C04F79EFBC}") = "t2.hajm", "t2.hajm\t2.hajm.csproj", "{91619855-6EB9-4F46-AAF4-48404D268B46}"
EndProject
Global
	GlobalSection(SolutionConfigurationPlatforms) = preSolution
		Debug|Any CPU = Debug|Any CPU
		Release|Any CPU = Release|Any CPU
	EndGlobalSection
	GlobalSection(ProjectConfigurationPlatforms) = postSolution
		{91619855-6EB9-4F46-AAF4-48404D268B46}.Debug|Any CPU.ActiveCfg = Debug|Any CPU
		{91619855-6EB9-4F46-AAF4-48404D268B46}.Debug|Any CPU.Build.0 = Debug|Any CPU
		{91619855-6EB9-4F46-AAF4-48404D268B46}.Release|Any CPU.ActiveCfg = Release|Any CPU
		{91619855-6EB9-4F46-AAF4-48404D268B46}.Release|Any CPU.Build.0 = Release|Any CPU
	EndGlobalSection
	GlobalSection(SolutionProperties) = preSolution
		HideSolutionNode = FALSE
	EndGlobalSection
	GlobalSection(ExtensibilityGlobals) = postSolution
		SolutionGuid = {0B42D0C4-E02C-4B2B-8713-6D97404207EE}
	EndGlobalSection
EndGlobal
