
Microsoft Visual Studio Solution File, Format Version 12.00
# Visual Studio Version 17
VisualStudioVersion = 17.0.31903.59
MinimumVisualStudioVersion = 10.0.40219.1
Project("{FAE04EC0-301F-11D3-BF4B-00C04F79EFBC}") = "t7", "t7\t7.csproj", "{5049BD04-9D12-4D61-BA40-9B4D6F6F80EB}"
EndProject
Global
	GlobalSection(SolutionConfigurationPlatforms) = preSolution
		Debug|Any CPU = Debug|Any CPU
		Release|Any CPU = Release|Any CPU
	EndGlobalSection
	GlobalSection(ProjectConfigurationPlatforms) = postSolution
		{5049BD04-9D12-4D61-BA40-9B4D6F6F80EB}.Debug|Any CPU.ActiveCfg = Debug|Any CPU
		{5049BD04-9D12-4D61-BA40-9B4D6F6F80EB}.Debug|Any CPU.Build.0 = Debug|Any CPU
		{5049BD04-9D12-4D61-BA40-9B4D6F6F80EB}.Release|Any CPU.ActiveCfg = Release|Any CPU
		{5049BD04-9D12-4D61-BA40-9B4D6F6F80EB}.Release|Any CPU.Build.0 = Release|Any CPU
	EndGlobalSection
	GlobalSection(SolutionProperties) = preSolution
		HideSolutionNode = FALSE
	EndGlobalSection
	GlobalSection(ExtensibilityGlobals) = postSolution
		SolutionGuid = {07022DFA-EE2A-481F-9C23-06406DBA3F06}
	EndGlobalSection
EndGlobal
